// !$*UTF8*$!
{
	archiveVersion = 1;
	classes = {
	};
	objectVersion = 46;
	objects = {

/* Begin PBXBuildFile section */
		6D03A3141DBF454300C91972 /* main.m in Sources */ = {isa = PBXBuildFile; fileRef = 6D03A3131DBF454300C91972 /* main.m */; };
		6D03A3171DBF454300C91972 /* AppDelegate.m in Sources */ = {isa = PBXBuildFile; fileRef = 6D03A3161DBF454300C91972 /* AppDelegate.m */; };
		6D03A31D1DBF454300C91972 /* Main.storyboard in Resources */ = {isa = PBXBuildFile; fileRef = 6D03A31B1DBF454300C91972 /* Main.storyboard */; };
		6D03A3201DBF454300C91972 /* MTPublicCell.xcdatamodeld in Sources */ = {isa = PBXBuildFile; fileRef = 6D03A31E1DBF454300C91972 /* MTPublicCell.xcdatamodeld */; };
		6D03A3221DBF454300C91972 /* Assets.xcassets in Resources */ = {isa = PBXBuildFile; fileRef = 6D03A3211DBF454300C91972 /* Assets.xcassets */; };
		6D03A3251DBF454300C91972 /* LaunchScreen.storyboard in Resources */ = {isa = PBXBuildFile; fileRef = 6D03A3231DBF454300C91972 /* LaunchScreen.storyboard */; };
		6D03A3301DBF454300C91972 /* MTPublicCellTests.m in Sources */ = {isa = PBXBuildFile; fileRef = 6D03A32F1DBF454300C91972 /* MTPublicCellTests.m */; };
		6D03A33B1DBF454300C91972 /* MTPublicCellUITests.m in Sources */ = {isa = PBXBuildFile; fileRef = 6D03A33A1DBF454300C91972 /* MTPublicCellUITests.m */; };
		6D187C631DCB25CA002C07E8 /* MTSimpleCell.m in Sources */ = {isa = PBXBuildFile; fileRef = 6D187C621DCB25CA002C07E8 /* MTSimpleCell.m */; };
		6D187C661DCB25E0002C07E8 /* MTTextCell.m in Sources */ = {isa = PBXBuildFile; fileRef = 6D187C651DCB25E0002C07E8 /* MTTextCell.m */; };
		6D187C6A1DCB263C002C07E8 /* MTPublicModel.m in Sources */ = {isa = PBXBuildFile; fileRef = 6D187C691DCB263C002C07E8 /* MTPublicModel.m */; };
		6D187C8E1DCB2708002C07E8 /* MKAnnotationView+WebCache.m in Sources */ = {isa = PBXBuildFile; fileRef = 6D187C6E1DCB2708002C07E8 /* MKAnnotationView+WebCache.m */; };
		6D187C8F1DCB2708002C07E8 /* NSData+ImageContentType.m in Sources */ = {isa = PBXBuildFile; fileRef = 6D187C701DCB2708002C07E8 /* NSData+ImageContentType.m */; };
		6D187C901DCB2708002C07E8 /* SDImageCache.m in Sources */ = {isa = PBXBuildFile; fileRef = 6D187C721DCB2708002C07E8 /* SDImageCache.m */; };
		6D187C911DCB2708002C07E8 /* SDWebImageCompat.m in Sources */ = {isa = PBXBuildFile; fileRef = 6D187C741DCB2708002C07E8 /* SDWebImageCompat.m */; };
		6D187C921DCB2708002C07E8 /* SDWebImageDecoder.m in Sources */ = {isa = PBXBuildFile; fileRef = 6D187C761DCB2708002C07E8 /* SDWebImageDecoder.m */; };
		6D187C931DCB2708002C07E8 /* SDWebImageDownloader.m in Sources */ = {isa = PBXBuildFile; fileRef = 6D187C781DCB2708002C07E8 /* SDWebImageDownloader.m */; };
		6D187C941DCB2708002C07E8 /* SDWebImageDownloaderOperation.m in Sources */ = {isa = PBXBuildFile; fileRef = 6D187C7A1DCB2708002C07E8 /* SDWebImageDownloaderOperation.m */; };
		6D187C951DCB2708002C07E8 /* SDWebImageManager.m in Sources */ = {isa = PBXBuildFile; fileRef = 6D187C7C1DCB2708002C07E8 /* SDWebImageManager.m */; };
		6D187C961DCB2708002C07E8 /* SDWebImagePrefetcher.m in Sources */ = {isa = PBXBuildFile; fileRef = 6D187C7F1DCB2708002C07E8 /* SDWebImagePrefetcher.m */; };
		6D187C971DCB2708002C07E8 /* UIButton+WebCache.m in Sources */ = {isa = PBXBuildFile; fileRef = 6D187C811DCB2708002C07E8 /* UIButton+WebCache.m */; };
		6D187C981DCB2708002C07E8 /* UIImage+GIF.m in Sources */ = {isa = PBXBuildFile; fileRef = 6D187C831DCB2708002C07E8 /* UIImage+GIF.m */; };
		6D187C991DCB2708002C07E8 /* UIImage+MultiFormat.m in Sources */ = {isa = PBXBuildFile; fileRef = 6D187C851DCB2708002C07E8 /* UIImage+MultiFormat.m */; };
		6D187C9A1DCB2708002C07E8 /* UIImage+WebP.m in Sources */ = {isa = PBXBuildFile; fileRef = 6D187C871DCB2708002C07E8 /* UIImage+WebP.m */; };
		6D187C9B1DCB2708002C07E8 /* UIImageView+HighlightedWebCache.m in Sources */ = {isa = PBXBuildFile; fileRef = 6D187C891DCB2708002C07E8 /* UIImageView+HighlightedWebCache.m */; };
		6D187C9C1DCB2708002C07E8 /* UIImageView+WebCache.m in Sources */ = {isa = PBXBuildFile; fileRef = 6D187C8B1DCB2708002C07E8 /* UIImageView+WebCache.m */; };
		6D187C9D1DCB2708002C07E8 /* UIView+WebCacheOperation.m in Sources */ = {isa = PBXBuildFile; fileRef = 6D187C8D1DCB2708002C07E8 /* UIView+WebCacheOperation.m */; };
		6D187CA71DCB2A3E002C07E8 /* FramerWorkViewController.m in Sources */ = {isa = PBXBuildFile; fileRef = 6D187CA01DCB2A3E002C07E8 /* FramerWorkViewController.m */; };
		6D187CA81DCB2A3E002C07E8 /* UIFrameWorkController.m in Sources */ = {isa = PBXBuildFile; fileRef = 6D187CA21DCB2A3E002C07E8 /* UIFrameWorkController.m */; };
		6D187CA91DCB2A3E002C07E8 /* ViewController.m in Sources */ = {isa = PBXBuildFile; fileRef = 6D187CA41DCB2A3E002C07E8 /* ViewController.m */; };
		6D187CAA1DCB2A3E002C07E8 /* WebKitController.m in Sources */ = {isa = PBXBuildFile; fileRef = 6D187CA61DCB2A3E002C07E8 /* WebKitController.m */; };
		6D187CC61DCB2C04002C07E8 /* Info.plist in Resources */ = {isa = PBXBuildFile; fileRef = 6D187CAC1DCB2C04002C07E8 /* Info.plist */; };
		6D187CC71DCB2C04002C07E8 /* MASCompositeConstraint.m in Sources */ = {isa = PBXBuildFile; fileRef = 6D187CAE1DCB2C04002C07E8 /* MASCompositeConstraint.m */; };
		6D187CC81DCB2C04002C07E8 /* MASConstraint.m in Sources */ = {isa = PBXBuildFile; fileRef = 6D187CB11DCB2C04002C07E8 /* MASConstraint.m */; };
		6D187CC91DCB2C04002C07E8 /* MASConstraintMaker.m in Sources */ = {isa = PBXBuildFile; fileRef = 6D187CB31DCB2C04002C07E8 /* MASConstraintMaker.m */; };
		6D187CCA1DCB2C04002C07E8 /* MASLayoutConstraint.m in Sources */ = {isa = PBXBuildFile; fileRef = 6D187CB51DCB2C04002C07E8 /* MASLayoutConstraint.m */; };
		6D187CCB1DCB2C04002C07E8 /* MASViewAttribute.m in Sources */ = {isa = PBXBuildFile; fileRef = 6D187CB91DCB2C04002C07E8 /* MASViewAttribute.m */; };
		6D187CCC1DCB2C04002C07E8 /* MASViewConstraint.m in Sources */ = {isa = PBXBuildFile; fileRef = 6D187CBB1DCB2C04002C07E8 /* MASViewConstraint.m */; };
		6D187CCD1DCB2C04002C07E8 /* NSArray+MASAdditions.m in Sources */ = {isa = PBXBuildFile; fileRef = 6D187CBD1DCB2C04002C07E8 /* NSArray+MASAdditions.m */; };
		6D187CCE1DCB2C04002C07E8 /* NSLayoutConstraint+MASDebugAdditions.m in Sources */ = {isa = PBXBuildFile; fileRef = 6D187CC01DCB2C04002C07E8 /* NSLayoutConstraint+MASDebugAdditions.m */; };
		6D187CCF1DCB2C04002C07E8 /* View+MASAdditions.m in Sources */ = {isa = PBXBuildFile; fileRef = 6D187CC21DCB2C04002C07E8 /* View+MASAdditions.m */; };
		6D187CD01DCB2C04002C07E8 /* ViewController+MASAdditions.m in Sources */ = {isa = PBXBuildFile; fileRef = 6D187CC51DCB2C04002C07E8 /* ViewController+MASAdditions.m */; };
		6D187CD31DCB33BD002C07E8 /* UIView+Extension.m in Sources */ = {isa = PBXBuildFile; fileRef = 6D187CD21DCB33BD002C07E8 /* UIView+Extension.m */; };
		6D187CD61DCB359F002C07E8 /* MTTextModel.m in Sources */ = {isa = PBXBuildFile; fileRef = 6D187CD51DCB359F002C07E8 /* MTTextModel.m */; };
		6D187CDA1DCB40E4002C07E8 /* MTSwitchCell.m in Sources */ = {isa = PBXBuildFile; fileRef = 6D187CD91DCB40E4002C07E8 /* MTSwitchCell.m */; };
		6DC914B21DCF6BA700CB8198 /* MTSwitchModel.m in Sources */ = {isa = PBXBuildFile; fileRef = 6DC914B11DCF6BA700CB8198 /* MTSwitchModel.m */; };
		6DDA2FE21DD3077900E7F099 /* MTPublicCController.m in Sources */ = {isa = PBXBuildFile; fileRef = 6DDA2FE11DD3077900E7F099 /* MTPublicCController.m */; };
/* End PBXBuildFile section */

/* Begin PBXContainerItemProxy section */
		6D03A32C1DBF454300C91972 /* PBXContainerItemProxy */ = {
			isa = PBXContainerItemProxy;
			containerPortal = 6D03A3071DBF454300C91972 /* Project object */;
			proxyType = 1;
			remoteGlobalIDString = 6D03A30E1DBF454300C91972;
			remoteInfo = MTPublicCell;
		};
		6D03A3371DBF454300C91972 /* PBXContainerItemProxy */ = {
			isa = PBXContainerItemProxy;
			containerPortal = 6D03A3071DBF454300C91972 /* Project object */;
			proxyType = 1;
			remoteGlobalIDString = 6D03A30E1DBF454300C91972;
			remoteInfo = MTPublicCell;
		};
/* End PBXContainerItemProxy section */

/* Begin PBXFileReference section */
		6D03A30F1DBF454300C91972 /* MTPublicCell.app */ = {isa = PBXFileReference; explicitFileType = wrapper.application; includeInIndex = 0; path = MTPublicCell.app; sourceTree = BUILT_PRODUCTS_DIR; };
		6D03A3131DBF454300C91972 /* main.m */ = {isa = PBXFileReference; lastKnownFileType = sourcecode.c.objc; path = main.m; sourceTree = "<group>"; };
		6D03A3151DBF454300C91972 /* AppDelegate.h */ = {isa = PBXFileReference; lastKnownFileType = sourcecode.c.h; path = AppDelegate.h; sourceTree = "<group>"; };
		6D03A3161DBF454300C91972 /* AppDelegate.m */ = {isa = PBXFileReference; lastKnownFileType = sourcecode.c.objc; path = AppDelegate.m; sourceTree = "<group>"; };
		6D03A31C1DBF454300C91972 /* Base */ = {isa = PBXFileReference; lastKnownFileType = file.storyboard; name = Base; path = Base.lproj/Main.storyboard; sourceTree = "<group>"; };
		6D03A31F1DBF454300C91972 /* MTPublicCell.xcdatamodel */ = {isa = PBXFileReference; lastKnownFileType = wrapper.xcdatamodel; path = MTPublicCell.xcdatamodel; sourceTree = "<group>"; };
		6D03A3211DBF454300C91972 /* Assets.xcassets */ = {isa = PBXFileReference; lastKnownFileType = folder.assetcatalog; path = Assets.xcassets; sourceTree = "<group>"; };
		6D03A3241DBF454300C91972 /* Base */ = {isa = PBXFileReference; lastKnownFileType = file.storyboard; name = Base; path = Base.lproj/LaunchScreen.storyboard; sourceTree = "<group>"; };
		6D03A3261DBF454300C91972 /* Info.plist */ = {isa = PBXFileReference; lastKnownFileType = text.plist.xml; path = Info.plist; sourceTree = "<group>"; };
		6D03A32B1DBF454300C91972 /* MTPublicCellTests.xctest */ = {isa = PBXFileReference; explicitFileType = wrapper.cfbundle; includeInIndex = 0; path = MTPublicCellTests.xctest; sourceTree = BUILT_PRODUCTS_DIR; };
		6D03A32F1DBF454300C91972 /* MTPublicCellTests.m */ = {isa = PBXFileReference; lastKnownFileType = sourcecode.c.objc; path = MTPublicCellTests.m; sourceTree = "<group>"; };
		6D03A3311DBF454300C91972 /* Info.plist */ = {isa = PBXFileReference; lastKnownFileType = text.plist.xml; path = Info.plist; sourceTree = "<group>"; };
		6D03A3361DBF454300C91972 /* MTPublicCellUITests.xctest */ = {isa = PBXFileReference; explicitFileType = wrapper.cfbundle; includeInIndex = 0; path = MTPublicCellUITests.xctest; sourceTree = BUILT_PRODUCTS_DIR; };
		6D03A33A1DBF454300C91972 /* MTPublicCellUITests.m */ = {isa = PBXFileReference; lastKnownFileType = sourcecode.c.objc; path = MTPublicCellUITests.m; sourceTree = "<group>"; };
		6D03A33C1DBF454300C91972 /* Info.plist */ = {isa = PBXFileReference; lastKnownFileType = text.plist.xml; path = Info.plist; sourceTree = "<group>"; };
		6D187C611DCB25CA002C07E8 /* MTSimpleCell.h */ = {isa = PBXFileReference; fileEncoding = 4; lastKnownFileType = sourcecode.c.h; path = MTSimpleCell.h; sourceTree = "<group>"; };
		6D187C621DCB25CA002C07E8 /* MTSimpleCell.m */ = {isa = PBXFileReference; fileEncoding = 4; lastKnownFileType = sourcecode.c.objc; path = MTSimpleCell.m; sourceTree = "<group>"; };
		6D187C641DCB25E0002C07E8 /* MTTextCell.h */ = {isa = PBXFileReference; fileEncoding = 4; lastKnownFileType = sourcecode.c.h; path = MTTextCell.h; sourceTree = "<group>"; };
		6D187C651DCB25E0002C07E8 /* MTTextCell.m */ = {isa = PBXFileReference; fileEncoding = 4; lastKnownFileType = sourcecode.c.objc; path = MTTextCell.m; sourceTree = "<group>"; };
		6D187C681DCB263C002C07E8 /* MTPublicModel.h */ = {isa = PBXFileReference; fileEncoding = 4; lastKnownFileType = sourcecode.c.h; path = MTPublicModel.h; sourceTree = "<group>"; };
		6D187C691DCB263C002C07E8 /* MTPublicModel.m */ = {isa = PBXFileReference; fileEncoding = 4; lastKnownFileType = sourcecode.c.objc; path = MTPublicModel.m; sourceTree = "<group>"; };
		6D187C6D1DCB2708002C07E8 /* MKAnnotationView+WebCache.h */ = {isa = PBXFileReference; fileEncoding = 4; lastKnownFileType = sourcecode.c.h; path = "MKAnnotationView+WebCache.h"; sourceTree = "<group>"; };
		6D187C6E1DCB2708002C07E8 /* MKAnnotationView+WebCache.m */ = {isa = PBXFileReference; fileEncoding = 4; lastKnownFileType = sourcecode.c.objc; path = "MKAnnotationView+WebCache.m"; sourceTree = "<group>"; };
		6D187C6F1DCB2708002C07E8 /* NSData+ImageContentType.h */ = {isa = PBXFileReference; fileEncoding = 4; lastKnownFileType = sourcecode.c.h; path = "NSData+ImageContentType.h"; sourceTree = "<group>"; };
		6D187C701DCB2708002C07E8 /* NSData+ImageContentType.m */ = {isa = PBXFileReference; fileEncoding = 4; lastKnownFileType = sourcecode.c.objc; path = "NSData+ImageContentType.m"; sourceTree = "<group>"; };
		6D187C711DCB2708002C07E8 /* SDImageCache.h */ = {isa = PBXFileReference; fileEncoding = 4; lastKnownFileType = sourcecode.c.h; path = SDImageCache.h; sourceTree = "<group>"; };
		6D187C721DCB2708002C07E8 /* SDImageCache.m */ = {isa = PBXFileReference; fileEncoding = 4; lastKnownFileType = sourcecode.c.objc; path = SDImageCache.m; sourceTree = "<group>"; };
		6D187C731DCB2708002C07E8 /* SDWebImageCompat.h */ = {isa = PBXFileReference; fileEncoding = 4; lastKnownFileType = sourcecode.c.h; path = SDWebImageCompat.h; sourceTree = "<group>"; };
		6D187C741DCB2708002C07E8 /* SDWebImageCompat.m */ = {isa = PBXFileReference; fileEncoding = 4; lastKnownFileType = sourcecode.c.objc; path = SDWebImageCompat.m; sourceTree = "<group>"; };
		6D187C751DCB2708002C07E8 /* SDWebImageDecoder.h */ = {isa = PBXFileReference; fileEncoding = 4; lastKnownFileType = sourcecode.c.h; path = SDWebImageDecoder.h; sourceTree = "<group>"; };
		6D187C761DCB2708002C07E8 /* SDWebImageDecoder.m */ = {isa = PBXFileReference; fileEncoding = 4; lastKnownFileType = sourcecode.c.objc; path = SDWebImageDecoder.m; sourceTree = "<group>"; };
		6D187C771DCB2708002C07E8 /* SDWebImageDownloader.h */ = {isa = PBXFileReference; fileEncoding = 4; lastKnownFileType = sourcecode.c.h; path = SDWebImageDownloader.h; sourceTree = "<group>"; };
		6D187C781DCB2708002C07E8 /* SDWebImageDownloader.m */ = {isa = PBXFileReference; fileEncoding = 4; lastKnownFileType = sourcecode.c.objc; path = SDWebImageDownloader.m; sourceTree = "<group>"; };
		6D187C791DCB2708002C07E8 /* SDWebImageDownloaderOperation.h */ = {isa = PBXFileReference; fileEncoding = 4; lastKnownFileType = sourcecode.c.h; path = SDWebImageDownloaderOperation.h; sourceTree = "<group>"; };
		6D187C7A1DCB2708002C07E8 /* SDWebImageDownloaderOperation.m */ = {isa = PBXFileReference; fileEncoding = 4; lastKnownFileType = sourcecode.c.objc; path = SDWebImageDownloaderOperation.m; sourceTree = "<group>"; };
		6D187C7B1DCB2708002C07E8 /* SDWebImageManager.h */ = {isa = PBXFileReference; fileEncoding = 4; lastKnownFileType = sourcecode.c.h; path = SDWebImageManager.h; sourceTree = "<group>"; };
		6D187C7C1DCB2708002C07E8 /* SDWebImageManager.m */ = {isa = PBXFileReference; fileEncoding = 4; lastKnownFileType = sourcecode.c.objc; path = SDWebImageManager.m; sourceTree = "<group>"; };
		6D187C7D1DCB2708002C07E8 /* SDWebImageOperation.h */ = {isa = PBXFileReference; fileEncoding = 4; lastKnownFileType = sourcecode.c.h; path = SDWebImageOperation.h; sourceTree = "<group>"; };
		6D187C7E1DCB2708002C07E8 /* SDWebImagePrefetcher.h */ = {isa = PBXFileReference; fileEncoding = 4; lastKnownFileType = sourcecode.c.h; path = SDWebImagePrefetcher.h; sourceTree = "<group>"; };
		6D187C7F1DCB2708002C07E8 /* SDWebImagePrefetcher.m */ = {isa = PBXFileReference; fileEncoding = 4; lastKnownFileType = sourcecode.c.objc; path = SDWebImagePrefetcher.m; sourceTree = "<group>"; };
		6D187C801DCB2708002C07E8 /* UIButton+WebCache.h */ = {isa = PBXFileReference; fileEncoding = 4; lastKnownFileType = sourcecode.c.h; path = "UIButton+WebCache.h"; sourceTree = "<group>"; };
		6D187C811DCB2708002C07E8 /* UIButton+WebCache.m */ = {isa = PBXFileReference; fileEncoding = 4; lastKnownFileType = sourcecode.c.objc; path = "UIButton+WebCache.m"; sourceTree = "<group>"; };
		6D187C821DCB2708002C07E8 /* UIImage+GIF.h */ = {isa = PBXFileReference; fileEncoding = 4; lastKnownFileType = sourcecode.c.h; path = "UIImage+GIF.h"; sourceTree = "<group>"; };
		6D187C831DCB2708002C07E8 /* UIImage+GIF.m */ = {isa = PBXFileReference; fileEncoding = 4; lastKnownFileType = sourcecode.c.objc; path = "UIImage+GIF.m"; sourceTree = "<group>"; };
		6D187C841DCB2708002C07E8 /* UIImage+MultiFormat.h */ = {isa = PBXFileReference; fileEncoding = 4; lastKnownFileType = sourcecode.c.h; path = "UIImage+MultiFormat.h"; sourceTree = "<group>"; };
		6D187C851DCB2708002C07E8 /* UIImage+MultiFormat.m */ = {isa = PBXFileReference; fileEncoding = 4; lastKnownFileType = sourcecode.c.objc; path = "UIImage+MultiFormat.m"; sourceTree = "<group>"; };
		6D187C861DCB2708002C07E8 /* UIImage+WebP.h */ = {isa = PBXFileReference; fileEncoding = 4; lastKnownFileType = sourcecode.c.h; path = "UIImage+WebP.h"; sourceTree = "<group>"; };
		6D187C871DCB2708002C07E8 /* UIImage+WebP.m */ = {isa = PBXFileReference; fileEncoding = 4; lastKnownFileType = sourcecode.c.objc; path = "UIImage+WebP.m"; sourceTree = "<group>"; };
		6D187C881DCB2708002C07E8 /* UIImageView+HighlightedWebCache.h */ = {isa = PBXFileReference; fileEncoding = 4; lastKnownFileType = sourcecode.c.h; path = "UIImageView+HighlightedWebCache.h"; sourceTree = "<group>"; };
		6D187C891DCB2708002C07E8 /* UIImageView+HighlightedWebCache.m */ = {isa = PBXFileReference; fileEncoding = 4; lastKnownFileType = sourcecode.c.objc; path = "UIImageView+HighlightedWebCache.m"; sourceTree = "<group>"; };
		6D187C8A1DCB2708002C07E8 /* UIImageView+WebCache.h */ = {isa = PBXFileReference; fileEncoding = 4; lastKnownFileType = sourcecode.c.h; path = "UIImageView+WebCache.h"; sourceTree = "<group>"; };
		6D187C8B1DCB2708002C07E8 /* UIImageView+WebCache.m */ = {isa = PBXFileReference; fileEncoding = 4; lastKnownFileType = sourcecode.c.objc; path = "UIImageView+WebCache.m"; sourceTree = "<group>"; };
		6D187C8C1DCB2708002C07E8 /* UIView+WebCacheOperation.h */ = {isa = PBXFileReference; fileEncoding = 4; lastKnownFileType = sourcecode.c.h; path = "UIView+WebCacheOperation.h"; sourceTree = "<group>"; };
		6D187C8D1DCB2708002C07E8 /* UIView+WebCacheOperation.m */ = {isa = PBXFileReference; fileEncoding = 4; lastKnownFileType = sourcecode.c.objc; path = "UIView+WebCacheOperation.m"; sourceTree = "<group>"; };
		6D187C9F1DCB2A3E002C07E8 /* FramerWorkViewController.h */ = {isa = PBXFileReference; fileEncoding = 4; lastKnownFileType = sourcecode.c.h; path = FramerWorkViewController.h; sourceTree = "<group>"; };
		6D187CA01DCB2A3E002C07E8 /* FramerWorkViewController.m */ = {isa = PBXFileReference; fileEncoding = 4; lastKnownFileType = sourcecode.c.objc; path = FramerWorkViewController.m; sourceTree = "<group>"; };
		6D187CA11DCB2A3E002C07E8 /* UIFrameWorkController.h */ = {isa = PBXFileReference; fileEncoding = 4; lastKnownFileType = sourcecode.c.h; path = UIFrameWorkController.h; sourceTree = "<group>"; };
		6D187CA21DCB2A3E002C07E8 /* UIFrameWorkController.m */ = {isa = PBXFileReference; fileEncoding = 4; lastKnownFileType = sourcecode.c.objc; path = UIFrameWorkController.m; sourceTree = "<group>"; };
		6D187CA31DCB2A3E002C07E8 /* ViewController.h */ = {isa = PBXFileReference; fileEncoding = 4; lastKnownFileType = sourcecode.c.h; path = ViewController.h; sourceTree = "<group>"; };
		6D187CA41DCB2A3E002C07E8 /* ViewController.m */ = {isa = PBXFileReference; fileEncoding = 4; lastKnownFileType = sourcecode.c.objc; path = ViewController.m; sourceTree = "<group>"; };
		6D187CA51DCB2A3E002C07E8 /* WebKitController.h */ = {isa = PBXFileReference; fileEncoding = 4; lastKnownFileType = sourcecode.c.h; path = WebKitController.h; sourceTree = "<group>"; };
		6D187CA61DCB2A3E002C07E8 /* WebKitController.m */ = {isa = PBXFileReference; fileEncoding = 4; lastKnownFileType = sourcecode.c.objc; path = WebKitController.m; sourceTree = "<group>"; };
		6D187CAC1DCB2C04002C07E8 /* Info.plist */ = {isa = PBXFileReference; fileEncoding = 4; lastKnownFileType = text.plist.xml; path = Info.plist; sourceTree = "<group>"; };
		6D187CAD1DCB2C04002C07E8 /* MASCompositeConstraint.h */ = {isa = PBXFileReference; fileEncoding = 4; lastKnownFileType = sourcecode.c.h; path = MASCompositeConstraint.h; sourceTree = "<group>"; };
		6D187CAE1DCB2C04002C07E8 /* MASCompositeConstraint.m */ = {isa = PBXFileReference; fileEncoding = 4; lastKnownFileType = sourcecode.c.objc; path = MASCompositeConstraint.m; sourceTree = "<group>"; };
		6D187CAF1DCB2C04002C07E8 /* MASConstraint+Private.h */ = {isa = PBXFileReference; fileEncoding = 4; lastKnownFileType = sourcecode.c.h; path = "MASConstraint+Private.h"; sourceTree = "<group>"; };
		6D187CB01DCB2C04002C07E8 /* MASConstraint.h */ = {isa = PBXFileReference; fileEncoding = 4; lastKnownFileType = sourcecode.c.h; path = MASConstraint.h; sourceTree = "<group>"; };
		6D187CB11DCB2C04002C07E8 /* MASConstraint.m */ = {isa = PBXFileReference; fileEncoding = 4; lastKnownFileType = sourcecode.c.objc; path = MASConstraint.m; sourceTree = "<group>"; };
		6D187CB21DCB2C04002C07E8 /* MASConstraintMaker.h */ = {isa = PBXFileReference; fileEncoding = 4; lastKnownFileType = sourcecode.c.h; path = MASConstraintMaker.h; sourceTree = "<group>"; };
		6D187CB31DCB2C04002C07E8 /* MASConstraintMaker.m */ = {isa = PBXFileReference; fileEncoding = 4; lastKnownFileType = sourcecode.c.objc; path = MASConstraintMaker.m; sourceTree = "<group>"; };
		6D187CB41DCB2C04002C07E8 /* MASLayoutConstraint.h */ = {isa = PBXFileReference; fileEncoding = 4; lastKnownFileType = sourcecode.c.h; path = MASLayoutConstraint.h; sourceTree = "<group>"; };
		6D187CB51DCB2C04002C07E8 /* MASLayoutConstraint.m */ = {isa = PBXFileReference; fileEncoding = 4; lastKnownFileType = sourcecode.c.objc; path = MASLayoutConstraint.m; sourceTree = "<group>"; };
		6D187CB61DCB2C04002C07E8 /* Masonry.h */ = {isa = PBXFileReference; fileEncoding = 4; lastKnownFileType = sourcecode.c.h; path = Masonry.h; sourceTree = "<group>"; };
		6D187CB71DCB2C04002C07E8 /* MASUtilities.h */ = {isa = PBXFileReference; fileEncoding = 4; lastKnownFileType = sourcecode.c.h; path = MASUtilities.h; sourceTree = "<group>"; };
		6D187CB81DCB2C04002C07E8 /* MASViewAttribute.h */ = {isa = PBXFileReference; fileEncoding = 4; lastKnownFileType = sourcecode.c.h; path = MASViewAttribute.h; sourceTree = "<group>"; };
		6D187CB91DCB2C04002C07E8 /* MASViewAttribute.m */ = {isa = PBXFileReference; fileEncoding = 4; lastKnownFileType = sourcecode.c.objc; path = MASViewAttribute.m; sourceTree = "<group>"; };
		6D187CBA1DCB2C04002C07E8 /* MASViewConstraint.h */ = {isa = PBXFileReference; fileEncoding = 4; lastKnownFileType = sourcecode.c.h; path = MASViewConstraint.h; sourceTree = "<group>"; };
		6D187CBB1DCB2C04002C07E8 /* MASViewConstraint.m */ = {isa = PBXFileReference; fileEncoding = 4; lastKnownFileType = sourcecode.c.objc; path = MASViewConstraint.m; sourceTree = "<group>"; };
		6D187CBC1DCB2C04002C07E8 /* NSArray+MASAdditions.h */ = {isa = PBXFileReference; fileEncoding = 4; lastKnownFileType = sourcecode.c.h; path = "NSArray+MASAdditions.h"; sourceTree = "<group>"; };
		6D187CBD1DCB2C04002C07E8 /* NSArray+MASAdditions.m */ = {isa = PBXFileReference; fileEncoding = 4; lastKnownFileType = sourcecode.c.objc; path = "NSArray+MASAdditions.m"; sourceTree = "<group>"; };
		6D187CBE1DCB2C04002C07E8 /* NSArray+MASShorthandAdditions.h */ = {isa = PBXFileReference; fileEncoding = 4; lastKnownFileType = sourcecode.c.h; path = "NSArray+MASShorthandAdditions.h"; sourceTree = "<group>"; };
		6D187CBF1DCB2C04002C07E8 /* NSLayoutConstraint+MASDebugAdditions.h */ = {isa = PBXFileReference; fileEncoding = 4; lastKnownFileType = sourcecode.c.h; path = "NSLayoutConstraint+MASDebugAdditions.h"; sourceTree = "<group>"; };
		6D187CC01DCB2C04002C07E8 /* NSLayoutConstraint+MASDebugAdditions.m */ = {isa = PBXFileReference; fileEncoding = 4; lastKnownFileType = sourcecode.c.objc; path = "NSLayoutConstraint+MASDebugAdditions.m"; sourceTree = "<group>"; };
		6D187CC11DCB2C04002C07E8 /* View+MASAdditions.h */ = {isa = PBXFileReference; fileEncoding = 4; lastKnownFileType = sourcecode.c.h; path = "View+MASAdditions.h"; sourceTree = "<group>"; };
		6D187CC21DCB2C04002C07E8 /* View+MASAdditions.m */ = {isa = PBXFileReference; fileEncoding = 4; lastKnownFileType = sourcecode.c.objc; path = "View+MASAdditions.m"; sourceTree = "<group>"; };
		6D187CC31DCB2C04002C07E8 /* View+MASShorthandAdditions.h */ = {isa = PBXFileReference; fileEncoding = 4; lastKnownFileType = sourcecode.c.h; path = "View+MASShorthandAdditions.h"; sourceTree = "<group>"; };
		6D187CC41DCB2C04002C07E8 /* ViewController+MASAdditions.h */ = {isa = PBXFileReference; fileEncoding = 4; lastKnownFileType = sourcecode.c.h; path = "ViewController+MASAdditions.h"; sourceTree = "<group>"; };
		6D187CC51DCB2C04002C07E8 /* ViewController+MASAdditions.m */ = {isa = PBXFileReference; fileEncoding = 4; lastKnownFileType = sourcecode.c.objc; path = "ViewController+MASAdditions.m"; sourceTree = "<group>"; };
		6D187CD11DCB33BD002C07E8 /* UIView+Extension.h */ = {isa = PBXFileReference; fileEncoding = 4; lastKnownFileType = sourcecode.c.h; path = "UIView+Extension.h"; sourceTree = "<group>"; };
		6D187CD21DCB33BD002C07E8 /* UIView+Extension.m */ = {isa = PBXFileReference; fileEncoding = 4; lastKnownFileType = sourcecode.c.objc; path = "UIView+Extension.m"; sourceTree = "<group>"; };
		6D187CD41DCB359F002C07E8 /* MTTextModel.h */ = {isa = PBXFileReference; fileEncoding = 4; lastKnownFileType = sourcecode.c.h; path = MTTextModel.h; sourceTree = "<group>"; };
		6D187CD51DCB359F002C07E8 /* MTTextModel.m */ = {isa = PBXFileReference; fileEncoding = 4; lastKnownFileType = sourcecode.c.objc; path = MTTextModel.m; sourceTree = "<group>"; };
		6D187CD71DCB3B2B002C07E8 /* MTPublicHeader.h */ = {isa = PBXFileReference; lastKnownFileType = sourcecode.c.h; path = MTPublicHeader.h; sourceTree = "<group>"; };
		6D187CD81DCB40E4002C07E8 /* MTSwitchCell.h */ = {isa = PBXFileReference; fileEncoding = 4; lastKnownFileType = sourcecode.c.h; path = MTSwitchCell.h; sourceTree = "<group>"; };
		6D187CD91DCB40E4002C07E8 /* MTSwitchCell.m */ = {isa = PBXFileReference; fileEncoding = 4; lastKnownFileType = sourcecode.c.objc; path = MTSwitchCell.m; sourceTree = "<group>"; };
		6DC914B01DCF6BA700CB8198 /* MTSwitchModel.h */ = {isa = PBXFileReference; fileEncoding = 4; lastKnownFileType = sourcecode.c.h; path = MTSwitchModel.h; sourceTree = "<group>"; };
		6DC914B11DCF6BA700CB8198 /* MTSwitchModel.m */ = {isa = PBXFileReference; fileEncoding = 4; lastKnownFileType = sourcecode.c.objc; path = MTSwitchModel.m; sourceTree = "<group>"; };
		6DDA2FE01DD3077900E7F099 /* MTPublicCController.h */ = {isa = PBXFileReference; fileEncoding = 4; lastKnownFileType = sourcecode.c.h; path = MTPublicCController.h; sourceTree = "<group>"; };
		6DDA2FE11DD3077900E7F099 /* MTPublicCController.m */ = {isa = PBXFileReference; fileEncoding = 4; lastKnownFileType = sourcecode.c.objc; path = MTPublicCController.m; sourceTree = "<group>"; };
/* End PBXFileReference section */

/* Begin PBXFrameworksBuildPhase section */
		6D03A30C1DBF454300C91972 /* Frameworks */ = {
			isa = PBXFrameworksBuildPhase;
			buildActionMask = 2147483647;
			files = (
			);
			runOnlyForDeploymentPostprocessing = 0;
		};
		6D03A3281DBF454300C91972 /* Frameworks */ = {
			isa = PBXFrameworksBuildPhase;
			buildActionMask = 2147483647;
			files = (
			);
			runOnlyForDeploymentPostprocessing = 0;
		};
		6D03A3331DBF454300C91972 /* Frameworks */ = {
			isa = PBXFrameworksBuildPhase;
			buildActionMask = 2147483647;
			files = (
			);
			runOnlyForDeploymentPostprocessing = 0;
		};
/* End PBXFrameworksBuildPhase section */

/* Begin PBXGroup section */
		6D03A3061DBF454300C91972 = {
			isa = PBXGroup;
			children = (
				6D187C6B1DCB26E0002C07E8 /* Other */,
				6D03A3111DBF454300C91972 /* MTPublicCell */,
				6D03A32E1DBF454300C91972 /* MTPublicCellTests */,
				6D03A3391DBF454300C91972 /* MTPublicCellUITests */,
				6D03A3101DBF454300C91972 /* Products */,
			);
			sourceTree = "<group>";
		};
		6D03A3101DBF454300C91972 /* Products */ = {
			isa = PBXGroup;
			children = (
				6D03A30F1DBF454300C91972 /* MTPublicCell.app */,
				6D03A32B1DBF454300C91972 /* MTPublicCellTests.xctest */,
				6D03A3361DBF454300C91972 /* MTPublicCellUITests.xctest */,
			);
			name = Products;
			sourceTree = "<group>";
		};
		6D03A3111DBF454300C91972 /* MTPublicCell */ = {
			isa = PBXGroup;
			children = (
				6D187CD71DCB3B2B002C07E8 /* MTPublicHeader.h */,
				6D187C9E1DCB2A3E002C07E8 /* PublicController */,
				6D187C671DCB262C002C07E8 /* ModelPublic */,
				6D187C601DCB2544002C07E8 /* UIPublic */,
				6D03A3151DBF454300C91972 /* AppDelegate.h */,
				6D03A3161DBF454300C91972 /* AppDelegate.m */,
				6D03A31B1DBF454300C91972 /* Main.storyboard */,
				6D03A3211DBF454300C91972 /* Assets.xcassets */,
				6D03A3231DBF454300C91972 /* LaunchScreen.storyboard */,
				6D03A3261DBF454300C91972 /* Info.plist */,
				6D03A31E1DBF454300C91972 /* MTPublicCell.xcdatamodeld */,
				6D03A3121DBF454300C91972 /* Supporting Files */,
			);
			path = MTPublicCell;
			sourceTree = "<group>";
		};
		6D03A3121DBF454300C91972 /* Supporting Files */ = {
			isa = PBXGroup;
			children = (
				6D03A3131DBF454300C91972 /* main.m */,
			);
			name = "Supporting Files";
			sourceTree = "<group>";
		};
		6D03A32E1DBF454300C91972 /* MTPublicCellTests */ = {
			isa = PBXGroup;
			children = (
				6D03A32F1DBF454300C91972 /* MTPublicCellTests.m */,
				6D03A3311DBF454300C91972 /* Info.plist */,
			);
			path = MTPublicCellTests;
			sourceTree = "<group>";
		};
		6D03A3391DBF454300C91972 /* MTPublicCellUITests */ = {
			isa = PBXGroup;
			children = (
				6D03A33A1DBF454300C91972 /* MTPublicCellUITests.m */,
				6D03A33C1DBF454300C91972 /* Info.plist */,
			);
			path = MTPublicCellUITests;
			sourceTree = "<group>";
		};
		6D187C601DCB2544002C07E8 /* UIPublic */ = {
			isa = PBXGroup;
			children = (
				6D187C611DCB25CA002C07E8 /* MTSimpleCell.h */,
				6D187C621DCB25CA002C07E8 /* MTSimpleCell.m */,
				6D187C641DCB25E0002C07E8 /* MTTextCell.h */,
				6D187C651DCB25E0002C07E8 /* MTTextCell.m */,
				6D187CD81DCB40E4002C07E8 /* MTSwitchCell.h */,
				6D187CD91DCB40E4002C07E8 /* MTSwitchCell.m */,
			);
			path = UIPublic;
			sourceTree = "<group>";
		};
		6D187C671DCB262C002C07E8 /* ModelPublic */ = {
			isa = PBXGroup;
			children = (
				6D187C681DCB263C002C07E8 /* MTPublicModel.h */,
				6D187C691DCB263C002C07E8 /* MTPublicModel.m */,
				6D187CD41DCB359F002C07E8 /* MTTextModel.h */,
				6D187CD51DCB359F002C07E8 /* MTTextModel.m */,
				6DC914B01DCF6BA700CB8198 /* MTSwitchModel.h */,
				6DC914B11DCF6BA700CB8198 /* MTSwitchModel.m */,
			);
			path = ModelPublic;
			sourceTree = "<group>";
		};
		6D187C6B1DCB26E0002C07E8 /* Other */ = {
			isa = PBXGroup;
			children = (
				6D187CD11DCB33BD002C07E8 /* UIView+Extension.h */,
				6D187CD21DCB33BD002C07E8 /* UIView+Extension.m */,
				6D187CAB1DCB2C04002C07E8 /* Masonry */,
				6D187C6C1DCB2708002C07E8 /* SDWebImage */,
			);
			name = Other;
			path = MTPublicCell/Other;
			sourceTree = "<group>";
		};
		6D187C6C1DCB2708002C07E8 /* SDWebImage */ = {
			isa = PBXGroup;
			children = (
				6D187C6D1DCB2708002C07E8 /* MKAnnotationView+WebCache.h */,
				6D187C6E1DCB2708002C07E8 /* MKAnnotationView+WebCache.m */,
				6D187C6F1DCB2708002C07E8 /* NSData+ImageContentType.h */,
				6D187C701DCB2708002C07E8 /* NSData+ImageContentType.m */,
				6D187C711DCB2708002C07E8 /* SDImageCache.h */,
				6D187C721DCB2708002C07E8 /* SDImageCache.m */,
				6D187C731DCB2708002C07E8 /* SDWebImageCompat.h */,
				6D187C741DCB2708002C07E8 /* SDWebImageCompat.m */,
				6D187C751DCB2708002C07E8 /* SDWebImageDecoder.h */,
				6D187C761DCB2708002C07E8 /* SDWebImageDecoder.m */,
				6D187C771DCB2708002C07E8 /* SDWebImageDownloader.h */,
				6D187C781DCB2708002C07E8 /* SDWebImageDownloader.m */,
				6D187C791DCB2708002C07E8 /* SDWebImageDownloaderOperation.h */,
				6D187C7A1DCB2708002C07E8 /* SDWebImageDownloaderOperation.m */,
				6D187C7B1DCB2708002C07E8 /* SDWebImageManager.h */,
				6D187C7C1DCB2708002C07E8 /* SDWebImageManager.m */,
				6D187C7D1DCB2708002C07E8 /* SDWebImageOperation.h */,
				6D187C7E1DCB2708002C07E8 /* SDWebImagePrefetcher.h */,
				6D187C7F1DCB2708002C07E8 /* SDWebImagePrefetcher.m */,
				6D187C801DCB2708002C07E8 /* UIButton+WebCache.h */,
				6D187C811DCB2708002C07E8 /* UIButton+WebCache.m */,
				6D187C821DCB2708002C07E8 /* UIImage+GIF.h */,
				6D187C831DCB2708002C07E8 /* UIImage+GIF.m */,
				6D187C841DCB2708002C07E8 /* UIImage+MultiFormat.h */,
				6D187C851DCB2708002C07E8 /* UIImage+MultiFormat.m */,
				6D187C861DCB2708002C07E8 /* UIImage+WebP.h */,
				6D187C871DCB2708002C07E8 /* UIImage+WebP.m */,
				6D187C881DCB2708002C07E8 /* UIImageView+HighlightedWebCache.h */,
				6D187C891DCB2708002C07E8 /* UIImageView+HighlightedWebCache.m */,
				6D187C8A1DCB2708002C07E8 /* UIImageView+WebCache.h */,
				6D187C8B1DCB2708002C07E8 /* UIImageView+WebCache.m */,
				6D187C8C1DCB2708002C07E8 /* UIView+WebCacheOperation.h */,
				6D187C8D1DCB2708002C07E8 /* UIView+WebCacheOperation.m */,
			);
			path = SDWebImage;
			sourceTree = "<group>";
		};
		6D187C9E1DCB2A3E002C07E8 /* PublicController */ = {
			isa = PBXGroup;
			children = (
				6D187C9F1DCB2A3E002C07E8 /* FramerWorkViewController.h */,
				6D187CA01DCB2A3E002C07E8 /* FramerWorkViewController.m */,
				6D187CA11DCB2A3E002C07E8 /* UIFrameWorkController.h */,
				6D187CA21DCB2A3E002C07E8 /* UIFrameWorkController.m */,
				6D187CA31DCB2A3E002C07E8 /* ViewController.h */,
				6D187CA41DCB2A3E002C07E8 /* ViewController.m */,
				6D187CA51DCB2A3E002C07E8 /* WebKitController.h */,
				6D187CA61DCB2A3E002C07E8 /* WebKitController.m */,
				6DDA2FE01DD3077900E7F099 /* MTPublicCController.h */,
				6DDA2FE11DD3077900E7F099 /* MTPublicCController.m */,
			);
			path = PublicController;
			sourceTree = "<group>";
		};
		6D187CAB1DCB2C04002C07E8 /* Masonry */ = {
			isa = PBXGroup;
			children = (
				6D187CAC1DCB2C04002C07E8 /* Info.plist */,
				6D187CAD1DCB2C04002C07E8 /* MASCompositeConstraint.h */,
				6D187CAE1DCB2C04002C07E8 /* MASCompositeConstraint.m */,
				6D187CAF1DCB2C04002C07E8 /* MASConstraint+Private.h */,
				6D187CB01DCB2C04002C07E8 /* MASConstraint.h */,
				6D187CB11DCB2C04002C07E8 /* MASConstraint.m */,
				6D187CB21DCB2C04002C07E8 /* MASConstraintMaker.h */,
				6D187CB31DCB2C04002C07E8 /* MASConstraintMaker.m */,
				6D187CB41DCB2C04002C07E8 /* MASLayoutConstraint.h */,
				6D187CB51DCB2C04002C07E8 /* MASLayoutConstraint.m */,
				6D187CB61DCB2C04002C07E8 /* Masonry.h */,
				6D187CB71DCB2C04002C07E8 /* MASUtilities.h */,
				6D187CB81DCB2C04002C07E8 /* MASViewAttribute.h */,
				6D187CB91DCB2C04002C07E8 /* MASViewAttribute.m */,
				6D187CBA1DCB2C04002C07E8 /* MASViewConstraint.h */,
				6D187CBB1DCB2C04002C07E8 /* MASViewConstraint.m */,
				6D187CBC1DCB2C04002C07E8 /* NSArray+MASAdditions.h */,
				6D187CBD1DCB2C04002C07E8 /* NSArray+MASAdditions.m */,
				6D187CBE1DCB2C04002C07E8 /* NSArray+MASShorthandAdditions.h */,
				6D187CBF1DCB2C04002C07E8 /* NSLayoutConstraint+MASDebugAdditions.h */,
				6D187CC01DCB2C04002C07E8 /* NSLayoutConstraint+MASDebugAdditions.m */,
				6D187CC11DCB2C04002C07E8 /* View+MASAdditions.h */,
				6D187CC21DCB2C04002C07E8 /* View+MASAdditions.m */,
				6D187CC31DCB2C04002C07E8 /* View+MASShorthandAdditions.h */,
				6D187CC41DCB2C04002C07E8 /* ViewController+MASAdditions.h */,
				6D187CC51DCB2C04002C07E8 /* ViewController+MASAdditions.m */,
			);
			path = Masonry;
			sourceTree = "<group>";
		};
/* End PBXGroup section */

/* Begin PBXNativeTarget section */
		6D03A30E1DBF454300C91972 /* MTPublicCell */ = {
			isa = PBXNativeTarget;
			buildConfigurationList = 6D03A33F1DBF454300C91972 /* Build configuration list for PBXNativeTarget "MTPublicCell" */;
			buildPhases = (
				6D03A30B1DBF454300C91972 /* Sources */,
				6D03A30C1DBF454300C91972 /* Frameworks */,
				6D03A30D1DBF454300C91972 /* Resources */,
			);
			buildRules = (
			);
			dependencies = (
			);
			name = MTPublicCell;
			productName = MTPublicCell;
			productReference = 6D03A30F1DBF454300C91972 /* MTPublicCell.app */;
			productType = "com.apple.product-type.application";
		};
		6D03A32A1DBF454300C91972 /* MTPublicCellTests */ = {
			isa = PBXNativeTarget;
			buildConfigurationList = 6D03A3421DBF454300C91972 /* Build configuration list for PBXNativeTarget "MTPublicCellTests" */;
			buildPhases = (
				6D03A3271DBF454300C91972 /* Sources */,
				6D03A3281DBF454300C91972 /* Frameworks */,
				6D03A3291DBF454300C91972 /* Resources */,
			);
			buildRules = (
			);
			dependencies = (
				6D03A32D1DBF454300C91972 /* PBXTargetDependency */,
			);
			name = MTPublicCellTests;
			productName = MTPublicCellTests;
			productReference = 6D03A32B1DBF454300C91972 /* MTPublicCellTests.xctest */;
			productType = "com.apple.product-type.bundle.unit-test";
		};
		6D03A3351DBF454300C91972 /* MTPublicCellUITests */ = {
			isa = PBXNativeTarget;
			buildConfigurationList = 6D03A3451DBF454300C91972 /* Build configuration list for PBXNativeTarget "MTPublicCellUITests" */;
			buildPhases = (
				6D03A3321DBF454300C91972 /* Sources */,
				6D03A3331DBF454300C91972 /* Frameworks */,
				6D03A3341DBF454300C91972 /* Resources */,
			);
			buildRules = (
			);
			dependencies = (
				6D03A3381DBF454300C91972 /* PBXTargetDependency */,
			);
			name = MTPublicCellUITests;
			productName = MTPublicCellUITests;
			productReference = 6D03A3361DBF454300C91972 /* MTPublicCellUITests.xctest */;
			productType = "com.apple.product-type.bundle.ui-testing";
		};
/* End PBXNativeTarget section */

/* Begin PBXProject section */
		6D03A3071DBF454300C91972 /* Project object */ = {
			isa = PBXProject;
			attributes = {
				LastUpgradeCheck = 0800;
				ORGANIZATIONNAME = MaiTian;
				TargetAttributes = {
					6D03A30E1DBF454300C91972 = {
						CreatedOnToolsVersion = 8.0;
						DevelopmentTeam = J6LD8332TN;
						ProvisioningStyle = Automatic;
					};
					6D03A32A1DBF454300C91972 = {
						CreatedOnToolsVersion = 8.0;
						DevelopmentTeam = J6LD8332TN;
						ProvisioningStyle = Automatic;
						TestTargetID = 6D03A30E1DBF454300C91972;
					};
					6D03A3351DBF454300C91972 = {
						CreatedOnToolsVersion = 8.0;
						DevelopmentTeam = J6LD8332TN;
						ProvisioningStyle = Automatic;
						TestTargetID = 6D03A30E1DBF454300C91972;
					};
				};
			};
			buildConfigurationList = 6D03A30A1DBF454300C91972 /* Build configuration list for PBXProject "MTPublicCell" */;
			compatibilityVersion = "Xcode 3.2";
			developmentRegion = English;
			hasScannedForEncodings = 0;
			knownRegions = (
				en,
				Base,
			);
			mainGroup = 6D03A3061DBF454300C91972;
			productRefGroup = 6D03A3101DBF454300C91972 /* Products */;
			projectDirPath = "";
			projectRoot = "";
			targets = (
				6D03A30E1DBF454300C91972 /* MTPublicCell */,
				6D03A32A1DBF454300C91972 /* MTPublicCellTests */,
				6D03A3351DBF454300C91972 /* MTPublicCellUITests */,
			);
		};
/* End PBXProject section */

/* Begin PBXResourcesBuildPhase section */
		6D03A30D1DBF454300C91972 /* Resources */ = {
			isa = PBXResourcesBuildPhase;
			buildActionMask = 2147483647;
			files = (
				6D187CC61DCB2C04002C07E8 /* Info.plist in Resources */,
				6D03A3251DBF454300C91972 /* LaunchScreen.storyboard in Resources */,
				6D03A3221DBF454300C91972 /* Assets.xcassets in Resources */,
				6D03A31D1DBF454300C91972 /* Main.storyboard in Resources */,
			);
			runOnlyForDeploymentPostprocessing = 0;
		};
		6D03A3291DBF454300C91972 /* Resources */ = {
			isa = PBXResourcesBuildPhase;
			buildActionMask = 2147483647;
			files = (
			);
			runOnlyForDeploymentPostprocessing = 0;
		};
		6D03A3341DBF454300C91972 /* Resources */ = {
			isa = PBXResourcesBuildPhase;
			buildActionMask = 2147483647;
			files = (
			);
			runOnlyForDeploymentPostprocessing = 0;
		};
/* End PBXResourcesBuildPhase section */

/* Begin PBXSourcesBuildPhase section */
		6D03A30B1DBF454300C91972 /* Sources */ = {
			isa = PBXSourcesBuildPhase;
			buildActionMask = 2147483647;
			files = (
				6D187C9A1DCB2708002C07E8 /* UIImage+WebP.m in Sources */,
				6D187C971DCB2708002C07E8 /* UIButton+WebCache.m in Sources */,
				6D187CA81DCB2A3E002C07E8 /* UIFrameWorkController.m in Sources */,
				6D187C941DCB2708002C07E8 /* SDWebImageDownloaderOperation.m in Sources */,
				6D187C901DCB2708002C07E8 /* SDImageCache.m in Sources */,
				6D187CCD1DCB2C04002C07E8 /* NSArray+MASAdditions.m in Sources */,
				6D187C8F1DCB2708002C07E8 /* NSData+ImageContentType.m in Sources */,
				6D187C921DCB2708002C07E8 /* SDWebImageDecoder.m in Sources */,
				6D187CD31DCB33BD002C07E8 /* UIView+Extension.m in Sources */,
				6D187C9B1DCB2708002C07E8 /* UIImageView+HighlightedWebCache.m in Sources */,
				6D03A3201DBF454300C91972 /* MTPublicCell.xcdatamodeld in Sources */,
				6D187C931DCB2708002C07E8 /* SDWebImageDownloader.m in Sources */,
				6D187C911DCB2708002C07E8 /* SDWebImageCompat.m in Sources */,
				6D187CD61DCB359F002C07E8 /* MTTextModel.m in Sources */,
				6D187CC91DCB2C04002C07E8 /* MASConstraintMaker.m in Sources */,
				6D187CCF1DCB2C04002C07E8 /* View+MASAdditions.m in Sources */,
				6D187CD01DCB2C04002C07E8 /* ViewController+MASAdditions.m in Sources */,
				6D187CCE1DCB2C04002C07E8 /* NSLayoutConstraint+MASDebugAdditions.m in Sources */,
				6D187C6A1DCB263C002C07E8 /* MTPublicModel.m in Sources */,
				6D187CC81DCB2C04002C07E8 /* MASConstraint.m in Sources */,
				6D187CDA1DCB40E4002C07E8 /* MTSwitchCell.m in Sources */,
				6DDA2FE21DD3077900E7F099 /* MTPublicCController.m in Sources */,
				6D187C981DCB2708002C07E8 /* UIImage+GIF.m in Sources */,
				6D187CCC1DCB2C04002C07E8 /* MASViewConstraint.m in Sources */,
				6D187C991DCB2708002C07E8 /* UIImage+MultiFormat.m in Sources */,
				6D03A3171DBF454300C91972 /* AppDelegate.m in Sources */,
				6D187CA71DCB2A3E002C07E8 /* FramerWorkViewController.m in Sources */,
				6D187C961DCB2708002C07E8 /* SDWebImagePrefetcher.m in Sources */,
				6D187C631DCB25CA002C07E8 /* MTSimpleCell.m in Sources */,
				6D187C8E1DCB2708002C07E8 /* MKAnnotationView+WebCache.m in Sources */,
				6D187C9C1DCB2708002C07E8 /* UIImageView+WebCache.m in Sources */,
				6DC914B21DCF6BA700CB8198 /* MTSwitchModel.m in Sources */,
				6D187CCB1DCB2C04002C07E8 /* MASViewAttribute.m in Sources */,
				6D187CCA1DCB2C04002C07E8 /* MASLayoutConstraint.m in Sources */,
				6D187C9D1DCB2708002C07E8 /* UIView+WebCacheOperation.m in Sources */,
				6D187C951DCB2708002C07E8 /* SDWebImageManager.m in Sources */,
				6D187CC71DCB2C04002C07E8 /* MASCompositeConstraint.m in Sources */,
				6D187C661DCB25E0002C07E8 /* MTTextCell.m in Sources */,
				6D187CAA1DCB2A3E002C07E8 /* WebKitController.m in Sources */,
				6D03A3141DBF454300C91972 /* main.m in Sources */,
				6D187CA91DCB2A3E002C07E8 /* ViewController.m in Sources */,
			);
			runOnlyForDeploymentPostprocessing = 0;
		};
		6D03A3271DBF454300C91972 /* Sources */ = {
			isa = PBXSourcesBuildPhase;
			buildActionMask = 2147483647;
			files = (
				6D03A3301DBF454300C91972 /* MTPublicCellTests.m in Sources */,
			);
			runOnlyForDeploymentPostprocessing = 0;
		};
		6D03A3321DBF454300C91972 /* Sources */ = {
			isa = PBXSourcesBuildPhase;
			buildActionMask = 2147483647;
			files = (
				6D03A33B1DBF454300C91972 /* MTPublicCellUITests.m in Sources */,
			);
			runOnlyForDeploymentPostprocessing = 0;
		};
/* End PBXSourcesBuildPhase section */

/* Begin PBXTargetDependency section */
		6D03A32D1DBF454300C91972 /* PBXTargetDependency */ = {
			isa = PBXTargetDependency;
			target = 6D03A30E1DBF454300C91972 /* MTPublicCell */;
			targetProxy = 6D03A32C1DBF454300C91972 /* PBXContainerItemProxy */;
		};
		6D03A3381DBF454300C91972 /* PBXTargetDependency */ = {
			isa = PBXTargetDependency;
			target = 6D03A30E1DBF454300C91972 /* MTPublicCell */;
			targetProxy = 6D03A3371DBF454300C91972 /* PBXContainerItemProxy */;
		};
/* End PBXTargetDependency section */

/* Begin PBXVariantGroup section */
		6D03A31B1DBF454300C91972 /* Main.storyboard */ = {
			isa = PBXVariantGroup;
			children = (
				6D03A31C1DBF454300C91972 /* Base */,
			);
			name = Main.storyboard;
			sourceTree = "<group>";
		};
		6D03A3231DBF454300C91972 /* LaunchScreen.storyboard */ = {
			isa = PBXVariantGroup;
			children = (
				6D03A3241DBF454300C91972 /* Base */,
			);
			name = LaunchScreen.storyboard;
			sourceTree = "<group>";
		};
/* End PBXVariantGroup section */

/* Begin XCBuildConfiguration section */
		6D03A33D1DBF454300C91972 /* Debug */ = {
			isa = XCBuildConfiguration;
			buildSettings = {
				ALWAYS_SEARCH_USER_PATHS = NO;
				CLANG_ANALYZER_NONNULL = YES;
				CLANG_CXX_LANGUAGE_STANDARD = "gnu++0x";
				CLANG_CXX_LIBRARY = "libc++";
				CLANG_ENABLE_MODULES = YES;
				CLANG_ENABLE_OBJC_ARC = YES;
				CLANG_WARN_BOOL_CONVERSION = YES;
				CLANG_WARN_CONSTANT_CONVERSION = YES;
				CLANG_WARN_DIRECT_OBJC_ISA_USAGE = YES_ERROR;
				CLANG_WARN_DOCUMENTATION_COMMENTS = YES;
				CLANG_WARN_EMPTY_BODY = YES;
				CLANG_WARN_ENUM_CONVERSION = YES;
				CLANG_WARN_INFINITE_RECURSION = YES;
				CLANG_WARN_INT_CONVERSION = YES;
				CLANG_WARN_OBJC_ROOT_CLASS = YES_ERROR;
				CLANG_WARN_SUSPICIOUS_MOVES = YES;
				CLANG_WARN_UNREACHABLE_CODE = YES;
				CLANG_WARN__DUPLICATE_METHOD_MATCH = YES;
				"CODE_SIGN_IDENTITY[sdk=iphoneos*]" = "iPhone Developer";
				COPY_PHASE_STRIP = NO;
				DEBUG_INFORMATION_FORMAT = dwarf;
				ENABLE_STRICT_OBJC_MSGSEND = YES;
				ENABLE_TESTABILITY = YES;
				GCC_C_LANGUAGE_STANDARD = gnu99;
				GCC_DYNAMIC_NO_PIC = NO;
				GCC_NO_COMMON_BLOCKS = YES;
				GCC_OPTIMIZATION_LEVEL = 0;
				GCC_PREPROCESSOR_DEFINITIONS = (
					"DEBUG=1",
					"$(inherited)",
				);
				GCC_WARN_64_TO_32_BIT_CONVERSION = YES;
				GCC_WARN_ABOUT_RETURN_TYPE = YES_ERROR;
				GCC_WARN_UNDECLARED_SELECTOR = YES;
				GCC_WARN_UNINITIALIZED_AUTOS = YES_AGGRESSIVE;
				GCC_WARN_UNUSED_FUNCTION = YES;
				GCC_WARN_UNUSED_VARIABLE = YES;
				IPHONEOS_DEPLOYMENT_TARGET = 10.0;
				MTL_ENABLE_DEBUG_INFO = YES;
				ONLY_ACTIVE_ARCH = YES;
				SDKROOT = iphoneos;
			};
			name = Debug;
		};
		6D03A33E1DBF454300C91972 /* Release */ = {
			isa = XCBuildConfiguration;
			buildSettings = {
				ALWAYS_SEARCH_USER_PATHS = NO;
				CLANG_ANALYZER_NONNULL = YES;
				CLANG_CXX_LANGUAGE_STANDARD = "gnu++0x";
				CLANG_CXX_LIBRARY = "libc++";
				CLANG_ENABLE_MODULES = YES;
				CLANG_ENABLE_OBJC_ARC = YES;
				CLANG_WARN_BOOL_CONVERSION = YES;
				CLANG_WARN_CONSTANT_CONVERSION = YES;
				CLANG_WARN_DIRECT_OBJC_ISA_USAGE = YES_ERROR;
				CLANG_WARN_DOCUMENTATION_COMMENTS = YES;
				CLANG_WARN_EMPTY_BODY = YES;
				CLANG_WARN_ENUM_CONVERSION = YES;
				CLANG_WARN_INFINITE_RECURSION = YES;
				CLANG_WARN_INT_CONVERSION = YES;
				CLANG_WARN_OBJC_ROOT_CLASS = YES_ERROR;
				CLANG_WARN_SUSPICIOUS_MOVES = YES;
				CLANG_WARN_UNREACHABLE_CODE = YES;
				CLANG_WARN__DUPLICATE_METHOD_MATCH = YES;
				"CODE_SIGN_IDENTITY[sdk=iphoneos*]" = "iPhone Developer";
				COPY_PHASE_STRIP = NO;
				DEBUG_INFORMATION_FORMAT = "dwarf-with-dsym";
				ENABLE_NS_ASSERTIONS = NO;
				ENABLE_STRICT_OBJC_MSGSEND = YES;
				GCC_C_LANGUAGE_STANDARD = gnu99;
				GCC_NO_COMMON_BLOCKS = YES;
				GCC_WARN_64_TO_32_BIT_CONVERSION = YES;
				GCC_WARN_ABOUT_RETURN_TYPE = YES_ERROR;
				GCC_WARN_UNDECLARED_SELECTOR = YES;
				GCC_WARN_UNINITIALIZED_AUTOS = YES_AGGRESSIVE;
				GCC_WARN_UNUSED_FUNCTION = YES;
				GCC_WARN_UNUSED_VARIABLE = YES;
				IPHONEOS_DEPLOYMENT_TARGET = 10.0;
				MTL_ENABLE_DEBUG_INFO = NO;
				SDKROOT = iphoneos;
				VALIDATE_PRODUCT = YES;
			};
			name = Release;
		};
		6D03A3401DBF454300C91972 /* Debug */ = {
			isa = XCBuildConfiguration;
			buildSettings = {
				ASSETCATALOG_COMPILER_APPICON_NAME = AppIcon;
				DEVELOPMENT_TEAM = J6LD8332TN;
				INFOPLIST_FILE = MTPublicCell/Info.plist;
				LD_RUNPATH_SEARCH_PATHS = "$(inherited) @executable_path/Frameworks";
				PRODUCT_BUNDLE_IDENTIFIER = com.MaiTian.MTPublicCell;
				PRODUCT_NAME = "$(TARGET_NAME)";
			};
			name = Debug;
		};
		6D03A3411DBF454300C91972 /* Release */ = {
			isa = XCBuildConfiguration;
			buildSettings = {
				ASSETCATALOG_COMPILER_APPICON_NAME = AppIcon;
				DEVELOPMENT_TEAM = J6LD8332TN;
				INFOPLIST_FILE = MTPublicCell/Info.plist;
				LD_RUNPATH_SEARCH_PATHS = "$(inherited) @executable_path/Frameworks";
				PRODUCT_BUNDLE_IDENTIFIER = com.MaiTian.MTPublicCell;
				PRODUCT_NAME = "$(TARGET_NAME)";
			};
			name = Release;
		};
		6D03A3431DBF454300C91972 /* Debug */ = {
			isa = XCBuildConfiguration;
			buildSettings = {
				BUNDLE_LOADER = "$(TEST_HOST)";
				DEVELOPMENT_TEAM = J6LD8332TN;
				INFOPLIST_FILE = MTPublicCellTests/Info.plist;
				LD_RUNPATH_SEARCH_PATHS = "$(inherited) @executable_path/Frameworks @loader_path/Frameworks";
				PRODUCT_BUNDLE_IDENTIFIER = com.MaiTian.MTPublicCellTests;
				PRODUCT_NAME = "$(TARGET_NAME)";
				TEST_HOST = "$(BUILT_PRODUCTS_DIR)/MTPublicCell.app/MTPublicCell";
			};
			name = Debug;
		};
		6D03A3441DBF454300C91972 /* Release */ = {
			isa = XCBuildConfiguration;
			buildSettings = {
				BUNDLE_LOADER = "$(TEST_HOST)";
				DEVELOPMENT_TEAM = J6LD8332TN;
				INFOPLIST_FILE = MTPublicCellTests/Info.plist;
				LD_RUNPATH_SEARCH_PATHS = "$(inherited) @executable_path/Frameworks @loader_path/Frameworks";
				PRODUCT_BUNDLE_IDENTIFIER = com.MaiTian.MTPublicCellTests;
				PRODUCT_NAME = "$(TARGET_NAME)";
				TEST_HOST = "$(BUILT_PRODUCTS_DIR)/MTPublicCell.app/MTPublicCell";
			};
			name = Release;
		};
		6D03A3461DBF454300C91972 /* Debug */ = {
			isa = XCBuildConfiguration;
			buildSettings = {
				DEVELOPMENT_TEAM = J6LD8332TN;
				INFOPLIST_FILE = MTPublicCellUITests/Info.plist;
				LD_RUNPATH_SEARCH_PATHS = "$(inherited) @executable_path/Frameworks @loader_path/Frameworks";
				PRODUCT_BUNDLE_IDENTIFIER = com.MaiTian.MTPublicCellUITests;
				PRODUCT_NAME = "$(TARGET_NAME)";
				TEST_TARGET_NAME = MTPublicCell;
			};
			name = Debug;
		};
		6D03A3471DBF454300C91972 /* Release */ = {
			isa = XCBuildConfiguration;
			buildSettings = {
				DEVELOPMENT_TEAM = J6LD8332TN;
				INFOPLIST_FILE = MTPublicCellUITests/Info.plist;
				LD_RUNPATH_SEARCH_PATHS = "$(inherited) @executable_path/Frameworks @loader_path/Frameworks";
				PRODUCT_BUNDLE_IDENTIFIER = com.MaiTian.MTPublicCellUITests;
				PRODUCT_NAME = "$(TARGET_NAME)";
				TEST_TARGET_NAME = MTPublicCell;
			};
			name = Release;
		};
/* End XCBuildConfiguration section */

/* Begin XCConfigurationList section */
		6D03A30A1DBF454300C91972 /* Build configuration list for PBXProject "MTPublicCell" */ = {
			isa = XCConfigurationList;
			buildConfigurations = (
				6D03A33D1DBF454300C91972 /* Debug */,
				6D03A33E1DBF454300C91972 /* Release */,
			);
			defaultConfigurationIsVisible = 0;
			defaultConfigurationName = Release;
		};
		6D03A33F1DBF454300C91972 /* Build configuration list for PBXNativeTarget "MTPublicCell" */ = {
			isa = XCConfigurationList;
			buildConfigurations = (
				6D03A3401DBF454300C91972 /* Debug */,
				6D03A3411DBF454300C91972 /* Release */,
			);
			defaultConfigurationIsVisible = 0;
			defaultConfigurationName = Release;
		};
		6D03A3421DBF454300C91972 /* Build configuration list for PBXNativeTarget "MTPublicCellTests" */ = {
			isa = XCConfigurationList;
			buildConfigurations = (
				6D03A3431DBF454300C91972 /* Debug */,
				6D03A3441DBF454300C91972 /* Release */,
			);
			defaultConfigurationIsVisible = 0;
			defaultConfigurationName = Release;
		};
		6D03A3451DBF454300C91972 /* Build configuration list for PBXNativeTarget "MTPublicCellUITests" */ = {
			isa = XCConfigurationList;
			buildConfigurations = (
				6D03A3461DBF454300C91972 /* Debug */,
				6D03A3471DBF454300C91972 /* Release */,
			);
			defaultConfigurationIsVisible = 0;
			defaultConfigurationName = Release;
		};
/* End XCConfigurationList section */

/* Begin XCVersionGroup section */
		6D03A31E1DBF454300C91972 /* MTPublicCell.xcdatamodeld */ = {
			isa = XCVersionGroup;
			children = (
				6D03A31F1DBF454300C91972 /* MTPublicCell.xcdatamodel */,
			);
			currentVersion = 6D03A31F1DBF454300C91972 /* MTPublicCell.xcdatamodel */;
			path = MTPublicCell.xcdatamodeld;
			sourceTree = "<group>";
			versionGroupType = wrapper.xcdatamodel;
		};
/* End XCVersionGroup section */
	};
	rootObject = 6D03A3071DBF454300C91972 /* Project object */;
}
